
Microsoft Visual Studio Solution File, Format Version 12.00
# Visual Studio 2013
Project("{8BC9CEB8-8B4A-11D0-8D11-00A0C91BC942}") = "CapTheBrain", "Intermediate\ProjectFiles\CapTheBrain.vcxproj", "{F882284A-11E1-4663-A064-080287B413FB}"
	ProjectSection(ProjectDependencies) = postProject
	EndProjectSection
EndProject
Global
	GlobalSection(SolutionConfigurationPlatforms) = preSolution
		DebugGame Editor|Windows = DebugGame Editor|Windows
		DebugGame|Windows = DebugGame|Windows
		Development Editor|Windows = Development Editor|Windows
		Development|Windows = Development|Windows
		Shipping|Windows = Shipping|Windows
	EndGlobalSection
	GlobalSection(ProjectConfigurationPlatforms) = postSolution
		{F882284A-11E1-4663-A064-080287B413FB}.DebugGame Editor|Windows.ActiveCfg = DebugGame_Editor|x64
		{F882284A-11E1-4663-A064-080287B413FB}.DebugGame Editor|Windows.Build.0 = DebugGame_Editor|x64
		{F882284A-11E1-4663-A064-080287B413FB}.DebugGame|Windows.ActiveCfg = DebugGame_RocketGame|x64
		{F882284A-11E1-4663-A064-080287B413FB}.DebugGame|Windows.Build.0 = DebugGame_RocketGame|x64
		{F882284A-11E1-4663-A064-080287B413FB}.Development Editor|Windows.ActiveCfg = Development_Editor|x64
		{F882284A-11E1-4663-A064-080287B413FB}.Development Editor|Windows.Build.0 = Development_Editor|x64
		{F882284A-11E1-4663-A064-080287B413FB}.Development|Windows.ActiveCfg = Development_RocketGame|x64
		{F882284A-11E1-4663-A064-080287B413FB}.Development|Windows.Build.0 = Development_RocketGame|x64
		{F882284A-11E1-4663-A064-080287B413FB}.Shipping|Windows.ActiveCfg = Shipping_RocketGame|Win32
		{F882284A-11E1-4663-A064-080287B413FB}.Shipping|Windows.Build.0 = Shipping_RocketGame|Win32
	EndGlobalSection
	GlobalSection(SolutionProperties) = preSolution
		HideSolutionNode = FALSE
	EndGlobalSection
	GlobalSection(NestedProjects) = preSolution
	EndGlobalSection
EndGlobal
